// !$*UTF8*$!
{
	archiveVersion = 1;
	classes = {
	};
	objectVersion = 46;
	objects = {

/* Begin PBXBuildFile section */
		8483E4EA1A453B3700691D09 /* main.m in Sources */ = {isa = PBXBuildFile; fileRef = 8483E4E91A453B3700691D09 /* main.m */; };
		8483E4ED1A453B3700691D09 /* AppDelegate.m in Sources */ = {isa = PBXBuildFile; fileRef = 8483E4EC1A453B3700691D09 /* AppDelegate.m */; };
		8483E4F01A453B3700691D09 /* ViewController.m in Sources */ = {isa = PBXBuildFile; fileRef = 8483E4EF1A453B3700691D09 /* ViewController.m */; };
		8483E4F31A453B3700691D09 /* Main.storyboard in Resources */ = {isa = PBXBuildFile; fileRef = 8483E4F11A453B3700691D09 /* Main.storyboard */; };
		8483E4F51A453B3700691D09 /* Images.xcassets in Resources */ = {isa = PBXBuildFile; fileRef = 8483E4F41A453B3700691D09 /* Images.xcassets */; };
		8483E4F81A453B3700691D09 /* LaunchScreen.xib in Resources */ = {isa = PBXBuildFile; fileRef = 8483E4F61A453B3700691D09 /* LaunchScreen.xib */; };
		8483E5041A453B3700691D09 /* JSBridgeTests.m in Sources */ = {isa = PBXBuildFile; fileRef = 8483E5031A453B3700691D09 /* JSBridgeTests.m */; };
		8483E5181A453D0E00691D09 /* JSBridge.m in Sources */ = {isa = PBXBuildFile; fileRef = 8483E5171A453D0E00691D09 /* JSBridge.m */; };
		84B6ACDE1A4B7AAD0039AC11 /* JSBridgeAPIBase.m in Sources */ = {isa = PBXBuildFile; fileRef = 84B6ACDD1A4B7AAD0039AC11 /* JSBridgeAPIBase.m */; };
		84B6ACE01A4B7B660039AC11 /* JSBridge.js in Resources */ = {isa = PBXBuildFile; fileRef = 84B6ACDF1A4B7B660039AC11 /* JSBridge.js */; };
		84B6ACF21A4B7C490039AC11 /* index.html in Resources */ = {isa = PBXBuildFile; fileRef = 84B6ACEF1A4B7C490039AC11 /* index.html */; };
		84B6ACF31A4B7C490039AC11 /* TestAPIOne.m in Sources */ = {isa = PBXBuildFile; fileRef = 84B6ACF11A4B7C490039AC11 /* TestAPIOne.m */; };
/* End PBXBuildFile section */

/* Begin PBXContainerItemProxy section */
		8483E4FE1A453B3700691D09 /* PBXContainerItemProxy */ = {
			isa = PBXContainerItemProxy;
			containerPortal = 8483E4DC1A453B3700691D09 /* Project object */;
			proxyType = 1;
			remoteGlobalIDString = 8483E4E31A453B3700691D09;
			remoteInfo = JSBridge;
		};
/* End PBXContainerItemProxy section */

/* Begin PBXFileReference section */
		8483E4E41A453B3700691D09 /* JSBridge.app */ = {isa = PBXFileReference; explicitFileType = wrapper.application; includeInIndex = 0; path = JSBridge.app; sourceTree = BUILT_PRODUCTS_DIR; };
		8483E4E81A453B3700691D09 /* Info.plist */ = {isa = PBXFileReference; lastKnownFileType = text.plist.xml; path = Info.plist; sourceTree = "<group>"; };
		8483E4E91A453B3700691D09 /* main.m */ = {isa = PBXFileReference; lastKnownFileType = sourcecode.c.objc; path = main.m; sourceTree = "<group>"; };
		8483E4EB1A453B3700691D09 /* AppDelegate.h */ = {isa = PBXFileReference; lastKnownFileType = sourcecode.c.h; path = AppDelegate.h; sourceTree = "<group>"; };
		8483E4EC1A453B3700691D09 /* AppDelegate.m */ = {isa = PBXFileReference; lastKnownFileType = sourcecode.c.objc; path = AppDelegate.m; sourceTree = "<group>"; };
		8483E4EE1A453B3700691D09 /* ViewController.h */ = {isa = PBXFileReference; lastKnownFileType = sourcecode.c.h; path = ViewController.h; sourceTree = "<group>"; };
		8483E4EF1A453B3700691D09 /* ViewController.m */ = {isa = PBXFileReference; lastKnownFileType = sourcecode.c.objc; path = ViewController.m; sourceTree = "<group>"; };
		8483E4F21A453B3700691D09 /* Base */ = {isa = PBXFileReference; lastKnownFileType = file.storyboard; name = Base; path = Base.lproj/Main.storyboard; sourceTree = "<group>"; };
		8483E4F41A453B3700691D09 /* Images.xcassets */ = {isa = PBXFileReference; lastKnownFileType = folder.assetcatalog; path = Images.xcassets; sourceTree = "<group>"; };
		8483E4F71A453B3700691D09 /* Base */ = {isa = PBXFileReference; lastKnownFileType = file.xib; name = Base; path = Base.lproj/LaunchScreen.xib; sourceTree = "<group>"; };
		8483E4FD1A453B3700691D09 /* JSBridgeTests.xctest */ = {isa = PBXFileReference; explicitFileType = wrapper.cfbundle; includeInIndex = 0; path = JSBridgeTests.xctest; sourceTree = BUILT_PRODUCTS_DIR; };
		8483E5021A453B3700691D09 /* Info.plist */ = {isa = PBXFileReference; lastKnownFileType = text.plist.xml; path = Info.plist; sourceTree = "<group>"; };
		8483E5031A453B3700691D09 /* JSBridgeTests.m */ = {isa = PBXFileReference; lastKnownFileType = sourcecode.c.objc; path = JSBridgeTests.m; sourceTree = "<group>"; };
		8483E5161A453D0E00691D09 /* JSBridge.h */ = {isa = PBXFileReference; fileEncoding = 4; lastKnownFileType = sourcecode.c.h; path = JSBridge.h; sourceTree = "<group>"; };
		8483E5171A453D0E00691D09 /* JSBridge.m */ = {isa = PBXFileReference; fileEncoding = 4; lastKnownFileType = sourcecode.c.objc; path = JSBridge.m; sourceTree = "<group>"; };
		84B6ACDB1A4B797A0039AC11 /* JSBInclude.h */ = {isa = PBXFileReference; lastKnownFileType = sourcecode.c.h; path = JSBInclude.h; sourceTree = "<group>"; };
		84B6ACDC1A4B7AAD0039AC11 /* JSBridgeAPIBase.h */ = {isa = PBXFileReference; fileEncoding = 4; lastKnownFileType = sourcecode.c.h; path = JSBridgeAPIBase.h; sourceTree = "<group>"; };
		84B6ACDD1A4B7AAD0039AC11 /* JSBridgeAPIBase.m */ = {isa = PBXFileReference; fileEncoding = 4; lastKnownFileType = sourcecode.c.objc; path = JSBridgeAPIBase.m; sourceTree = "<group>"; };
		84B6ACDF1A4B7B660039AC11 /* JSBridge.js */ = {isa = PBXFileReference; fileEncoding = 4; lastKnownFileType = sourcecode.javascript; path = JSBridge.js; sourceTree = "<group>"; };
		84B6ACEF1A4B7C490039AC11 /* index.html */ = {isa = PBXFileReference; fileEncoding = 4; lastKnownFileType = text.html; path = index.html; sourceTree = "<group>"; };
		84B6ACF01A4B7C490039AC11 /* TestAPIOne.h */ = {isa = PBXFileReference; fileEncoding = 4; lastKnownFileType = sourcecode.c.h; path = TestAPIOne.h; sourceTree = "<group>"; };
		84B6ACF11A4B7C490039AC11 /* TestAPIOne.m */ = {isa = PBXFileReference; fileEncoding = 4; lastKnownFileType = sourcecode.c.objc; path = TestAPIOne.m; sourceTree = "<group>"; };
/* End PBXFileReference section */

/* Begin PBXFrameworksBuildPhase section */
		8483E4E11A453B3700691D09 /* Frameworks */ = {
			isa = PBXFrameworksBuildPhase;
			buildActionMask = 2147483647;
			files = (
			);
			runOnlyForDeploymentPostprocessing = 0;
		};
		8483E4FA1A453B3700691D09 /* Frameworks */ = {
			isa = PBXFrameworksBuildPhase;
			buildActionMask = 2147483647;
			files = (
			);
			runOnlyForDeploymentPostprocessing = 0;
		};
/* End PBXFrameworksBuildPhase section */

/* Begin PBXGroup section */
		8483E4DB1A453B3700691D09 = {
			isa = PBXGroup;
			children = (
				8483E4E61A453B3700691D09 /* JSBridge */,
				8483E5001A453B3700691D09 /* JSBridgeTests */,
				8483E4E51A453B3700691D09 /* Products */,
			);
			sourceTree = "<group>";
		};
		8483E4E51A453B3700691D09 /* Products */ = {
			isa = PBXGroup;
			children = (
				8483E4E41A453B3700691D09 /* JSBridge.app */,
				8483E4FD1A453B3700691D09 /* JSBridgeTests.xctest */,
			);
			name = Products;
			sourceTree = "<group>";
		};
		8483E4E61A453B3700691D09 /* JSBridge */ = {
			isa = PBXGroup;
			children = (
				84B6ACEE1A4B7C490039AC11 /* Example */,
				8483E5151A453D0E00691D09 /* JSBridge */,
				8483E4EB1A453B3700691D09 /* AppDelegate.h */,
				8483E4EC1A453B3700691D09 /* AppDelegate.m */,
				8483E4EE1A453B3700691D09 /* ViewController.h */,
				8483E4EF1A453B3700691D09 /* ViewController.m */,
				8483E4F11A453B3700691D09 /* Main.storyboard */,
				8483E4F41A453B3700691D09 /* Images.xcassets */,
				8483E4F61A453B3700691D09 /* LaunchScreen.xib */,
				8483E4E71A453B3700691D09 /* Supporting Files */,
			);
			path = JSBridge;
			sourceTree = "<group>";
		};
		8483E4E71A453B3700691D09 /* Supporting Files */ = {
			isa = PBXGroup;
			children = (
				8483E4E81A453B3700691D09 /* Info.plist */,
				8483E4E91A453B3700691D09 /* main.m */,
			);
			name = "Supporting Files";
			sourceTree = "<group>";
		};
		8483E5001A453B3700691D09 /* JSBridgeTests */ = {
			isa = PBXGroup;
			children = (
				8483E5031A453B3700691D09 /* JSBridgeTests.m */,
				8483E5011A453B3700691D09 /* Supporting Files */,
			);
			path = JSBridgeTests;
			sourceTree = "<group>";
		};
		8483E5011A453B3700691D09 /* Supporting Files */ = {
			isa = PBXGroup;
			children = (
				8483E5021A453B3700691D09 /* Info.plist */,
			);
			name = "Supporting Files";
			sourceTree = "<group>";
		};
		8483E5151A453D0E00691D09 /* JSBridge */ = {
			isa = PBXGroup;
			children = (
				8483E5161A453D0E00691D09 /* JSBridge.h */,
				8483E5171A453D0E00691D09 /* JSBridge.m */,
				84B6ACDB1A4B797A0039AC11 /* JSBInclude.h */,
				84B6ACDC1A4B7AAD0039AC11 /* JSBridgeAPIBase.h */,
				84B6ACDD1A4B7AAD0039AC11 /* JSBridgeAPIBase.m */,
				84B6ACDF1A4B7B660039AC11 /* JSBridge.js */,
			);
			path = JSBridge;
			sourceTree = "<group>";
		};
		84B6ACEE1A4B7C490039AC11 /* Example */ = {
			isa = PBXGroup;
			children = (
				84B6ACEF1A4B7C490039AC11 /* index.html */,
				84B6ACF01A4B7C490039AC11 /* TestAPIOne.h */,
				84B6ACF11A4B7C490039AC11 /* TestAPIOne.m */,
			);
			path = Example;
			sourceTree = "<group>";
		};
/* End PBXGroup section */

/* Begin PBXNativeTarget section */
		8483E4E31A453B3700691D09 /* JSBridge */ = {
			isa = PBXNativeTarget;
			buildConfigurationList = 8483E5071A453B3700691D09 /* Build configuration list for PBXNativeTarget "JSBridge" */;
			buildPhases = (
				8483E4E01A453B3700691D09 /* Sources */,
				8483E4E11A453B3700691D09 /* Frameworks */,
				8483E4E21A453B3700691D09 /* Resources */,
			);
			buildRules = (
			);
			dependencies = (
			);
			name = JSBridge;
			productName = JSBridge;
			productReference = 8483E4E41A453B3700691D09 /* JSBridge.app */;
			productType = "com.apple.product-type.application";
		};
		8483E4FC1A453B3700691D09 /* JSBridgeTests */ = {
			isa = PBXNativeTarget;
			buildConfigurationList = 8483E50A1A453B3700691D09 /* Build configuration list for PBXNativeTarget "JSBridgeTests" */;
			buildPhases = (
				8483E4F91A453B3700691D09 /* Sources */,
				8483E4FA1A453B3700691D09 /* Frameworks */,
				8483E4FB1A453B3700691D09 /* Resources */,
			);
			buildRules = (
			);
			dependencies = (
				8483E4FF1A453B3700691D09 /* PBXTargetDependency */,
			);
			name = JSBridgeTests;
			productName = JSBridgeTests;
			productReference = 8483E4FD1A453B3700691D09 /* JSBridgeTests.xctest */;
			productType = "com.apple.product-type.bundle.unit-test";
		};
/* End PBXNativeTarget section */

/* Begin PBXProject section */
		8483E4DC1A453B3700691D09 /* Project object */ = {
			isa = PBXProject;
			attributes = {
				LastUpgradeCheck = 0610;
				ORGANIZATIONNAME = www.siva4u.com;
				TargetAttributes = {
					8483E4E31A453B3700691D09 = {
						CreatedOnToolsVersion = 6.1.1;
					};
					8483E4FC1A453B3700691D09 = {
						CreatedOnToolsVersion = 6.1.1;
						TestTargetID = 8483E4E31A453B3700691D09;
					};
				};
			};
			buildConfigurationList = 8483E4DF1A453B3700691D09 /* Build configuration list for PBXProject "JSBridge" */;
			compatibilityVersion = "Xcode 3.2";
			developmentRegion = English;
			hasScannedForEncodings = 0;
			knownRegions = (
				en,
				Base,
			);
			mainGroup = 8483E4DB1A453B3700691D09;
			productRefGroup = 8483E4E51A453B3700691D09 /* Products */;
			projectDirPath = "";
			projectRoot = "";
			targets = (
				8483E4E31A453B3700691D09 /* JSBridge */,
				8483E4FC1A453B3700691D09 /* JSBridgeTests */,
			);
		};
/* End PBXProject section */

/* Begin PBXResourcesBuildPhase section */
		8483E4E21A453B3700691D09 /* Resources */ = {
			isa = PBXResourcesBuildPhase;
			buildActionMask = 2147483647;
			files = (
				84B6ACF21A4B7C490039AC11 /* index.html in Resources */,
				84B6ACE01A4B7B660039AC11 /* JSBridge.js in Resources */,
				8483E4F31A453B3700691D09 /* Main.storyboard in Resources */,
				8483E4F81A453B3700691D09 /* LaunchScreen.xib in Resources */,
				8483E4F51A453B3700691D09 /* Images.xcassets in Resources */,
			);
			runOnlyForDeploymentPostprocessing = 0;
		};
		8483E4FB1A453B3700691D09 /* Resources */ = {
			isa = PBXResourcesBuildPhase;
			buildActionMask = 2147483647;
			files = (
			);
			runOnlyForDeploymentPostprocessing = 0;
		};
/* End PBXResourcesBuildPhase section */

/* Begin PBXSourcesBuildPhase section */
		8483E4E01A453B3700691D09 /* Sources */ = {
			isa = PBXSourcesBuildPhase;
			buildActionMask = 2147483647;
			files = (
				8483E4F01A453B3700691D09 /* ViewController.m in Sources */,
				84B6ACDE1A4B7AAD0039AC11 /* JSBridgeAPIBase.m in Sources */,
				8483E4ED1A453B3700691D09 /* AppDelegate.m in Sources */,
				84B6ACF31A4B7C490039AC11 /* TestAPIOne.m in Sources */,
				8483E4EA1A453B3700691D09 /* main.m in Sources */,
				8483E5181A453D0E00691D09 /* JSBridge.m in Sources */,
			);
			runOnlyForDeploymentPostprocessing = 0;
		};
		8483E4F91A453B3700691D09 /* Sources */ = {
			isa = PBXSourcesBuildPhase;
			buildActionMask = 2147483647;
			files = (
				8483E5041A453B3700691D09 /* JSBridgeTests.m in Sources */,
			);
			runOnlyForDeploymentPostprocessing = 0;
		};
/* End PBXSourcesBuildPhase section */

/* Begin PBXTargetDependency section */
		8483E4FF1A453B3700691D09 /* PBXTargetDependency */ = {
			isa = PBXTargetDependency;
			target = 8483E4E31A453B3700691D09 /* JSBridge */;
			targetProxy = 8483E4FE1A453B3700691D09 /* PBXContainerItemProxy */;
		};
/* End PBXTargetDependency section */

/* Begin PBXVariantGroup section */
		8483E4F11A453B3700691D09 /* Main.storyboard */ = {
			isa = PBXVariantGroup;
			children = (
				8483E4F21A453B3700691D09 /* Base */,
			);
			name = Main.storyboard;
			sourceTree = "<group>";
		};
		8483E4F61A453B3700691D09 /* LaunchScreen.xib */ = {
			isa = PBXVariantGroup;
			children = (
				8483E4F71A453B3700691D09 /* Base */,
			);
			name = LaunchScreen.xib;
			sourceTree = "<group>";
		};
/* End PBXVariantGroup section */

/* Begin XCBuildConfiguration section */
		8483E5051A453B3700691D09 /* Debug */ = {
			isa = XCBuildConfiguration;
			buildSettings = {
				ALWAYS_SEARCH_USER_PATHS = NO;
				CLANG_CXX_LANGUAGE_STANDARD = "gnu++0x";
				CLANG_CXX_LIBRARY = "libc++";
				CLANG_ENABLE_MODULES = YES;
				CLANG_ENABLE_OBJC_ARC = YES;
				CLANG_WARN_BOOL_CONVERSION = YES;
				CLANG_WARN_CONSTANT_CONVERSION = YES;
				CLANG_WARN_DIRECT_OBJC_ISA_USAGE = YES_ERROR;
				CLANG_WARN_EMPTY_BODY = YES;
				CLANG_WARN_ENUM_CONVERSION = YES;
				CLANG_WARN_INT_CONVERSION = YES;
				CLANG_WARN_OBJC_ROOT_CLASS = YES_ERROR;
				CLANG_WARN_UNREACHABLE_CODE = YES;
				CLANG_WARN__DUPLICATE_METHOD_MATCH = YES;
				"CODE_SIGN_IDENTITY[sdk=iphoneos*]" = "iPhone Developer";
				COPY_PHASE_STRIP = NO;
				ENABLE_STRICT_OBJC_MSGSEND = YES;
				GCC_C_LANGUAGE_STANDARD = gnu99;
				GCC_DYNAMIC_NO_PIC = NO;
				GCC_OPTIMIZATION_LEVEL = 0;
				GCC_PREPROCESSOR_DEFINITIONS = (
					"DEBUG=1",
					"$(inherited)",
				);
				GCC_SYMBOLS_PRIVATE_EXTERN = NO;
				GCC_WARN_64_TO_32_BIT_CONVERSION = YES;
				GCC_WARN_ABOUT_RETURN_TYPE = YES_ERROR;
				GCC_WARN_UNDECLARED_SELECTOR = YES;
				GCC_WARN_UNINITIALIZED_AUTOS = YES_AGGRESSIVE;
				GCC_WARN_UNUSED_FUNCTION = YES;
				GCC_WARN_UNUSED_VARIABLE = YES;
				IPHONEOS_DEPLOYMENT_TARGET = 8.1;
				MTL_ENABLE_DEBUG_INFO = YES;
				ONLY_ACTIVE_ARCH = YES;
				SDKROOT = iphoneos;
				TARGETED_DEVICE_FAMILY = "1,2";
			};
			name = Debug;
		};
		8483E5061A453B3700691D09 /* Release */ = {
			isa = XCBuildConfiguration;
			buildSettings = {
				ALWAYS_SEARCH_USER_PATHS = NO;
				CLANG_CXX_LANGUAGE_STANDARD = "gnu++0x";
				CLANG_CXX_LIBRARY = "libc++";
				CLANG_ENABLE_MODULES = YES;
				CLANG_ENABLE_OBJC_ARC = YES;
				CLANG_WARN_BOOL_CONVERSION = YES;
				CLANG_WARN_CONSTANT_CONVERSION = YES;
				CLANG_WARN_DIRECT_OBJC_ISA_USAGE = YES_ERROR;
				CLANG_WARN_EMPTY_BODY = YES;
				CLANG_WARN_ENUM_CONVERSION = YES;
				CLANG_WARN_INT_CONVERSION = YES;
				CLANG_WARN_OBJC_ROOT_CLASS = YES_ERROR;
				CLANG_WARN_UNREACHABLE_CODE = YES;
				CLANG_WARN__DUPLICATE_METHOD_MATCH = YES;
				"CODE_SIGN_IDENTITY[sdk=iphoneos*]" = "iPhone Developer";
				COPY_PHASE_STRIP = YES;
				ENABLE_NS_ASSERTIONS = NO;
				ENABLE_STRICT_OBJC_MSGSEND = YES;
				GCC_C_LANGUAGE_STANDARD = gnu99;
				GCC_WARN_64_TO_32_BIT_CONVERSION = YES;
				GCC_WARN_ABOUT_RETURN_TYPE = YES_ERROR;
				GCC_WARN_UNDECLARED_SELECTOR = YES;
				GCC_WARN_UNINITIALIZED_AUTOS = YES_AGGRESSIVE;
				GCC_WARN_UNUSED_FUNCTION = YES;
				GCC_WARN_UNUSED_VARIABLE = YES;
				IPHONEOS_DEPLOYMENT_TARGET = 8.1;
				MTL_ENABLE_DEBUG_INFO = NO;
				SDKROOT = iphoneos;
				TARGETED_DEVICE_FAMILY = "1,2";
				VALIDATE_PRODUCT = YES;
			};
			name = Release;
		};
		8483E5081A453B3700691D09 /* Debug */ = {
			isa = XCBuildConfiguration;
			buildSettings = {
				ASSETCATALOG_COMPILER_APPICON_NAME = AppIcon;
				INFOPLIST_FILE = JSBridge/Info.plist;
				LD_RUNPATH_SEARCH_PATHS = "$(inherited) @executable_path/Frameworks";
				PRODUCT_NAME = "$(TARGET_NAME)";
			};
			name = Debug;
		};
		8483E5091A453B3700691D09 /* Release */ = {
			isa = XCBuildConfiguration;
			buildSettings = {
				ASSETCATALOG_COMPILER_APPICON_NAME = AppIcon;
				INFOPLIST_FILE = JSBridge/Info.plist;
				LD_RUNPATH_SEARCH_PATHS = "$(inherited) @executable_path/Frameworks";
				PRODUCT_NAME = "$(TARGET_NAME)";
			};
			name = Release;
		};
		8483E50B1A453B3700691D09 /* Debug */ = {
			isa = XCBuildConfiguration;
			buildSettings = {
				BUNDLE_LOADER = "$(TEST_HOST)";
				FRAMEWORK_SEARCH_PATHS = (
					"$(SDKROOT)/Developer/Library/Frameworks",
					"$(inherited)",
				);
				GCC_PREPROCESSOR_DEFINITIONS = (
					"DEBUG=1",
					"$(inherited)",
				);
				INFOPLIST_FILE = JSBridgeTests/Info.plist;
				LD_RUNPATH_SEARCH_PATHS = "$(inherited) @executable_path/Frameworks @loader_path/Frameworks";
				PRODUCT_NAME = "$(TARGET_NAME)";
				TEST_HOST = "$(BUILT_PRODUCTS_DIR)/JSBridge.app/JSBridge";
			};
			name = Debug;
		};
		8483E50C1A453B3700691D09 /* Release */ = {
			isa = XCBuildConfiguration;
			buildSettings = {
				BUNDLE_LOADER = "$(TEST_HOST)";
				FRAMEWORK_SEARCH_PATHS = (
					"$(SDKROOT)/Developer/Library/Frameworks",
					"$(inherited)",
				);
				INFOPLIST_FILE = JSBridgeTests/Info.plist;
				LD_RUNPATH_SEARCH_PATHS = "$(inherited) @executable_path/Frameworks @loader_path/Frameworks";
				PRODUCT_NAME = "$(TARGET_NAME)";
				TEST_HOST = "$(BUILT_PRODUCTS_DIR)/JSBridge.app/JSBridge";
			};
			name = Release;
		};
/* End XCBuildConfiguration section */

/* Begin XCConfigurationList section */
		8483E4DF1A453B3700691D09 /* Build configuration list for PBXProject "JSBridge" */ = {
			isa = XCConfigurationList;
			buildConfigurations = (
				8483E5051A453B3700691D09 /* Debug */,
				8483E5061A453B3700691D09 /* Release */,
			);
			defaultConfigurationIsVisible = 0;
			defaultConfigurationName = Release;
		};
		8483E5071A453B3700691D09 /* Build configuration list for PBXNativeTarget "JSBridge" */ = {
			isa = XCConfigurationList;
			buildConfigurations = (
				8483E5081A453B3700691D09 /* Debug */,
				8483E5091A453B3700691D09 /* Release */,
			);
			defaultConfigurationIsVisible = 0;
			defaultConfigurationName = Release;
		};
		8483E50A1A453B3700691D09 /* Build configuration list for PBXNativeTarget "JSBridgeTests" */ = {
			isa = XCConfigurationList;
			buildConfigurations = (
				8483E50B1A453B3700691D09 /* Debug */,
				8483E50C1A453B3700691D09 /* Release */,
			);
			defaultConfigurationIsVisible = 0;
			defaultConfigurationName = Release;
		};
/* End XCConfigurationList section */
	};
	rootObject = 8483E4DC1A453B3700691D09 /* Project object */;
}
